
Microsoft Visual Studio Solution File, Format Version 12.00
# Visual Studio Version 17
VisualStudioVersion = 17.6.33723.286
MinimumVisualStudioVersion = 10.0.40219.1
Project("{9A19103F-16F7-4668-BE54-9A1E7A4F7556}") = "PetShop", "PetShop\PetShop.csproj", "{27178746-24A4-4636-BE31-93BFCFA43B30}"
EndProject
Global
	GlobalSection(SolutionConfigurationPlatforms) = preSolution
		Debug|Any CPU = Debug|Any CPU
		Release|Any CPU = Release|Any CPU
	EndGlobalSection
	GlobalSection(ProjectConfigurationPlatforms) = postSolution
		{27178746-24A4-4636-BE31-93BFCFA43B30}.Debug|Any CPU.ActiveCfg = Debug|Any CPU
		{27178746-24A4-4636-BE31-93BFCFA43B30}.Debug|Any CPU.Build.0 = Debug|Any CPU
		{27178746-24A4-4636-BE31-93BFCFA43B30}.Release|Any CPU.ActiveCfg = Release|Any CPU
		{27178746-24A4-4636-BE31-93BFCFA43B30}.Release|Any CPU.Build.0 = Release|Any CPU
	EndGlobalSection
	GlobalSection(SolutionProperties) = preSolution
		HideSolutionNode = FALSE
	EndGlobalSection
	GlobalSection(ExtensibilityGlobals) = postSolution
		SolutionGuid = {2D64F626-3F07-4E44-A5B3-C55B3C645702}
	EndGlobalSection
EndGlobal
